
Microsoft Visual Studio Solution File, Format Version 12.00
# Visual Studio Version 17
VisualStudioVersion = 17.2.32616.157
MinimumVisualStudioVersion = 10.0.40219.1
Project("{FAE04EC0-301F-11D3-BF4B-00C04F79EFBC}") = "Page.API", "Page.API\Page.API.csproj", "{7160F3DD-0E6B-4B2C-9915-6B2ED9FA1807}"
EndProject
Global
	GlobalSection(SolutionConfigurationPlatforms) = preSolution
		Debug|Any CPU = Debug|Any CPU
		Release|Any CPU = Release|Any CPU
	EndGlobalSection
	GlobalSection(ProjectConfigurationPlatforms) = postSolution
		{7160F3DD-0E6B-4B2C-9915-6B2ED9FA1807}.Debug|Any CPU.ActiveCfg = Debug|Any CPU
		{7160F3DD-0E6B-4B2C-9915-6B2ED9FA1807}.Debug|Any CPU.Build.0 = Debug|Any CPU
		{7160F3DD-0E6B-4B2C-9915-6B2ED9FA1807}.Release|Any CPU.ActiveCfg = Release|Any CPU
		{7160F3DD-0E6B-4B2C-9915-6B2ED9FA1807}.Release|Any CPU.Build.0 = Release|Any CPU
	EndGlobalSection
	GlobalSection(SolutionProperties) = preSolution
		HideSolutionNode = FALSE
	EndGlobalSection
	GlobalSection(ExtensibilityGlobals) = postSolution
		SolutionGuid = {B2B16FB4-3FF9-4DA1-95A3-A723C7435C84}
	EndGlobalSection
EndGlobal
